
Microsoft Visual Studio Solution File, Format Version 12.00
# Visual Studio Version 17
VisualStudioVersion = 17.8.34511.84
MinimumVisualStudioVersion = 10.0.40219.1
Project("{9A19103F-16F7-4668-BE54-9A1E7A4F7556}") = "PlantX", "PlantX\PlantX.csproj", "{E30A4583-AD7A-4872-BA85-90621BCBFE39}"
EndProject
Project("{FAE04EC0-301F-11D3-BF4B-00C04F79EFBC}") = "PlantX.API", "PlantX.API\PlantX.API.csproj", "{06FB95EE-4F97-4885-98CC-3EC8C416AE3C}"
EndProject
Global
	GlobalSection(SolutionConfigurationPlatforms) = preSolution
		Debug|Any CPU = Debug|Any CPU
		Release|Any CPU = Release|Any CPU
	EndGlobalSection
	GlobalSection(ProjectConfigurationPlatforms) = postSolution
		{E30A4583-AD7A-4872-BA85-90621BCBFE39}.Debug|Any CPU.ActiveCfg = Debug|Any CPU
		{E30A4583-AD7A-4872-BA85-90621BCBFE39}.Debug|Any CPU.Build.0 = Debug|Any CPU
		{E30A4583-AD7A-4872-BA85-90621BCBFE39}.Release|Any CPU.ActiveCfg = Release|Any CPU
		{E30A4583-AD7A-4872-BA85-90621BCBFE39}.Release|Any CPU.Build.0 = Release|Any CPU
		{06FB95EE-4F97-4885-98CC-3EC8C416AE3C}.Debug|Any CPU.ActiveCfg = Debug|Any CPU
		{06FB95EE-4F97-4885-98CC-3EC8C416AE3C}.Debug|Any CPU.Build.0 = Debug|Any CPU
		{06FB95EE-4F97-4885-98CC-3EC8C416AE3C}.Release|Any CPU.ActiveCfg = Release|Any CPU
		{06FB95EE-4F97-4885-98CC-3EC8C416AE3C}.Release|Any CPU.Build.0 = Release|Any CPU
	EndGlobalSection
	GlobalSection(SolutionProperties) = preSolution
		HideSolutionNode = FALSE
	EndGlobalSection
	GlobalSection(ExtensibilityGlobals) = postSolution
		SolutionGuid = {B1D02A30-035C-4694-B2D8-FEB7FF11A8F3}
	EndGlobalSection
EndGlobal
